
Microsoft Visual Studio Solution File, Format Version 12.00
Project("{FAE04EC0-301F-11D3-BF4B-00C04F79EFBC}") = "OOP_Seminar3", "OOP_Seminar3\OOP_Seminar3.csproj", "{F280AABD-C745-4C6D-BC7D-5396CD632943}"
EndProject
Global
	GlobalSection(SolutionConfigurationPlatforms) = preSolution
		Debug|Any CPU = Debug|Any CPU
		Release|Any CPU = Release|Any CPU
	EndGlobalSection
	GlobalSection(ProjectConfigurationPlatforms) = postSolution
		{F280AABD-C745-4C6D-BC7D-5396CD632943}.Debug|Any CPU.ActiveCfg = Debug|Any CPU
		{F280AABD-C745-4C6D-BC7D-5396CD632943}.Debug|Any CPU.Build.0 = Debug|Any CPU
		{F280AABD-C745-4C6D-BC7D-5396CD632943}.Release|Any CPU.ActiveCfg = Release|Any CPU
		{F280AABD-C745-4C6D-BC7D-5396CD632943}.Release|Any CPU.Build.0 = Release|Any CPU
	EndGlobalSection
EndGlobal
